
Microsoft Visual Studio Solution File, Format Version 12.00
Project("{FAE04EC0-301F-11D3-BF4B-00C04F79EFBC}") = "MyWebServer", "MyWebServer\MyWebServer.csproj", "{6AB583AD-9C32-4598-B850-1EAF46E8EABC}"
EndProject
Project("{FAE04EC0-301F-11D3-BF4B-00C04F79EFBC}") = "HttpServerLibrary", "HttpServerLibrary\HttpServerLibrary.csproj", "{D545BFBC-427F-43C7-ADC0-1659B60ADD4A}"
EndProject
Project("{FAE04EC0-301F-11D3-BF4B-00C04F79EFBC}") = "TemlateEngine", "TemlateEngine\TemlateEngine.csproj", "{A5C066C5-7816-45EE-9B37-0E154672C109}"
EndProject
Project("{FAE04EC0-301F-11D3-BF4B-00C04F79EFBC}") = "TemplateEngine.UnitTests", "TemplateEngine.UnitTests\TemplateEngine.UnitTests.csproj", "{A1560E1E-97E2-4215-BECF-E3D768499580}"
EndProject
Project("{FAE04EC0-301F-11D3-BF4B-00C04F79EFBC}") = "MyORMLibrary", "MyORMLibrary\MyORMLibrary.csproj", "{0B03BA0A-BB80-481F-81C7-3020869E1A89}"
EndProject
Project("{FAE04EC0-301F-11D3-BF4B-00C04F79EFBC}") = "MyORMLibraryTests", "MyORMLibraryTests\MyORMLibraryTests.csproj", "{9FD850E7-EE4C-4E3D-A773-246846174AB9}"
EndProject
Global
	GlobalSection(SolutionConfigurationPlatforms) = preSolution
		Debug|Any CPU = Debug|Any CPU
		Release|Any CPU = Release|Any CPU
	EndGlobalSection
	GlobalSection(ProjectConfigurationPlatforms) = postSolution
		{6AB583AD-9C32-4598-B850-1EAF46E8EABC}.Debug|Any CPU.ActiveCfg = Debug|Any CPU
		{6AB583AD-9C32-4598-B850-1EAF46E8EABC}.Debug|Any CPU.Build.0 = Debug|Any CPU
		{6AB583AD-9C32-4598-B850-1EAF46E8EABC}.Release|Any CPU.ActiveCfg = Release|Any CPU
		{6AB583AD-9C32-4598-B850-1EAF46E8EABC}.Release|Any CPU.Build.0 = Release|Any CPU
		{D545BFBC-427F-43C7-ADC0-1659B60ADD4A}.Debug|Any CPU.ActiveCfg = Debug|Any CPU
		{D545BFBC-427F-43C7-ADC0-1659B60ADD4A}.Debug|Any CPU.Build.0 = Debug|Any CPU
		{D545BFBC-427F-43C7-ADC0-1659B60ADD4A}.Release|Any CPU.ActiveCfg = Release|Any CPU
		{D545BFBC-427F-43C7-ADC0-1659B60ADD4A}.Release|Any CPU.Build.0 = Release|Any CPU
		{A5C066C5-7816-45EE-9B37-0E154672C109}.Debug|Any CPU.ActiveCfg = Debug|Any CPU
		{A5C066C5-7816-45EE-9B37-0E154672C109}.Debug|Any CPU.Build.0 = Debug|Any CPU
		{A5C066C5-7816-45EE-9B37-0E154672C109}.Release|Any CPU.ActiveCfg = Release|Any CPU
		{A5C066C5-7816-45EE-9B37-0E154672C109}.Release|Any CPU.Build.0 = Release|Any CPU
		{A1560E1E-97E2-4215-BECF-E3D768499580}.Debug|Any CPU.ActiveCfg = Debug|Any CPU
		{A1560E1E-97E2-4215-BECF-E3D768499580}.Debug|Any CPU.Build.0 = Debug|Any CPU
		{A1560E1E-97E2-4215-BECF-E3D768499580}.Release|Any CPU.ActiveCfg = Release|Any CPU
		{A1560E1E-97E2-4215-BECF-E3D768499580}.Release|Any CPU.Build.0 = Release|Any CPU
		{0B03BA0A-BB80-481F-81C7-3020869E1A89}.Debug|Any CPU.ActiveCfg = Debug|Any CPU
		{0B03BA0A-BB80-481F-81C7-3020869E1A89}.Debug|Any CPU.Build.0 = Debug|Any CPU
		{0B03BA0A-BB80-481F-81C7-3020869E1A89}.Release|Any CPU.ActiveCfg = Release|Any CPU
		{0B03BA0A-BB80-481F-81C7-3020869E1A89}.Release|Any CPU.Build.0 = Release|Any CPU
		{9FD850E7-EE4C-4E3D-A773-246846174AB9}.Debug|Any CPU.ActiveCfg = Debug|Any CPU
		{9FD850E7-EE4C-4E3D-A773-246846174AB9}.Debug|Any CPU.Build.0 = Debug|Any CPU
		{9FD850E7-EE4C-4E3D-A773-246846174AB9}.Release|Any CPU.ActiveCfg = Release|Any CPU
		{9FD850E7-EE4C-4E3D-A773-246846174AB9}.Release|Any CPU.Build.0 = Release|Any CPU
	EndGlobalSection
EndGlobal
